
Microsoft Visual Studio Solution File, Format Version 12.00
# Visual Studio Version 17
VisualStudioVersion = 17.14.36109.1 d17.14
MinimumVisualStudioVersion = 10.0.40219.1
Project("{FAE04EC0-301F-11D3-BF4B-00C04F79EFBC}") = "LibSystem.Windows", "src\LibSystem.Windows.csproj", "{AEABFB11-2D09-4468-2927-A81111BC5884}"
EndProject
Global
	GlobalSection(SolutionConfigurationPlatforms) = preSolution
		Debug|Any CPU = Debug|Any CPU
		Release|Any CPU = Release|Any CPU
	EndGlobalSection
	GlobalSection(ProjectConfigurationPlatforms) = postSolution
		{AEABFB11-2D09-4468-2927-A81111BC5884}.Debug|Any CPU.ActiveCfg = Debug|Any CPU
		{AEABFB11-2D09-4468-2927-A81111BC5884}.Debug|Any CPU.Build.0 = Debug|Any CPU
		{AEABFB11-2D09-4468-2927-A81111BC5884}.Release|Any CPU.ActiveCfg = Release|Any CPU
		{AEABFB11-2D09-4468-2927-A81111BC5884}.Release|Any CPU.Build.0 = Release|Any CPU
	EndGlobalSection
	GlobalSection(SolutionProperties) = preSolution
		HideSolutionNode = FALSE
	EndGlobalSection
	GlobalSection(ExtensibilityGlobals) = postSolution
		SolutionGuid = {EF5A9A47-D5F6-4947-B620-379F733A3B0C}
	EndGlobalSection
EndGlobal
